dependencies:
- name: cloudnative-pg
  repository: https://cloudnative-pg.github.io/charts
  version: 0.26.0
- name: vespa
  repository: https://onyx-dot-app.github.io/vespa-helm-charts
  version: 0.2.25
- name: opensearch
  repository: https://opensearch-project.github.io/helm-charts
  version: 3.4.0
- name: ingress-nginx
  repository: https://kubernetes.github.io/ingress-nginx
  version: 4.13.3
- name: redis
  repository: https://ot-container-kit.github.io/helm-charts
  version: 0.16.6
- name: minio
  repository: https://charts.min.io/
  version: 5.4.0
digest: sha256:e3e3df4464d00165d63e5aa150b768c0957e5eab2b310414ce5d7381d00dbd2e
generated: "2026-02-27T11:03:55.930066+01:00"
